
Microsoft Visual Studio Solution File, Format Version 12.00
# Visual Studio Version 17
VisualStudioVersion = 17.5.33516.290
MinimumVisualStudioVersion = 10.0.40219.1
Project("{FAE04EC0-301F-11D3-BF4B-00C04F79EFBC}") = "Comminity.Speakers.API", "Comminity.Speakers.API\Comminity.Speakers.API.csproj", "{91FC9D80-FA56-4280-AA08-30BFB57CB29A}"
EndProject
Project("{FAE04EC0-301F-11D3-BF4B-00C04F79EFBC}") = "Community.Speakers.Tests", "Community.Speakers.Tests\Community.Speakers.Tests.csproj", "{91099096-10BE-42F8-9784-82EE3662EA9F}"
EndProject
Project("{FAE04EC0-301F-11D3-BF4B-00C04F79EFBC}") = "Community.Application", "Community.Application\Community.Application.csproj", "{F7791530-FCC9-4EF5-B1DA-325222A537B6}"
EndProject
Project("{FAE04EC0-301F-11D3-BF4B-00C04F79EFBC}") = "Community.Entities", "Community.Entities\Community.Entities.csproj", "{91B20B65-047B-42D8-8B07-882988F2B62D}"
EndProject
Global
	GlobalSection(SolutionConfigurationPlatforms) = preSolution
		Debug|Any CPU = Debug|Any CPU
		Release|Any CPU = Release|Any CPU
	EndGlobalSection
	GlobalSection(ProjectConfigurationPlatforms) = postSolution
		{91FC9D80-FA56-4280-AA08-30BFB57CB29A}.Debug|Any CPU.ActiveCfg = Debug|Any CPU
		{91FC9D80-FA56-4280-AA08-30BFB57CB29A}.Debug|Any CPU.Build.0 = Debug|Any CPU
		{91FC9D80-FA56-4280-AA08-30BFB57CB29A}.Release|Any CPU.ActiveCfg = Release|Any CPU
		{91FC9D80-FA56-4280-AA08-30BFB57CB29A}.Release|Any CPU.Build.0 = Release|Any CPU
		{91099096-10BE-42F8-9784-82EE3662EA9F}.Debug|Any CPU.ActiveCfg = Debug|Any CPU
		{91099096-10BE-42F8-9784-82EE3662EA9F}.Debug|Any CPU.Build.0 = Debug|Any CPU
		{91099096-10BE-42F8-9784-82EE3662EA9F}.Release|Any CPU.ActiveCfg = Release|Any CPU
		{91099096-10BE-42F8-9784-82EE3662EA9F}.Release|Any CPU.Build.0 = Release|Any CPU
		{F7791530-FCC9-4EF5-B1DA-325222A537B6}.Debug|Any CPU.ActiveCfg = Debug|Any CPU
		{F7791530-FCC9-4EF5-B1DA-325222A537B6}.Debug|Any CPU.Build.0 = Debug|Any CPU
		{F7791530-FCC9-4EF5-B1DA-325222A537B6}.Release|Any CPU.ActiveCfg = Release|Any CPU
		{F7791530-FCC9-4EF5-B1DA-325222A537B6}.Release|Any CPU.Build.0 = Release|Any CPU
		{91B20B65-047B-42D8-8B07-882988F2B62D}.Debug|Any CPU.ActiveCfg = Debug|Any CPU
		{91B20B65-047B-42D8-8B07-882988F2B62D}.Debug|Any CPU.Build.0 = Debug|Any CPU
		{91B20B65-047B-42D8-8B07-882988F2B62D}.Release|Any CPU.ActiveCfg = Release|Any CPU
		{91B20B65-047B-42D8-8B07-882988F2B62D}.Release|Any CPU.Build.0 = Release|Any CPU
	EndGlobalSection
	GlobalSection(SolutionProperties) = preSolution
		HideSolutionNode = FALSE
	EndGlobalSection
	GlobalSection(ExtensibilityGlobals) = postSolution
		SolutionGuid = {240047F5-61C5-463D-8A07-E59B85DFCBB1}
	EndGlobalSection
EndGlobal
