
Microsoft Visual Studio Solution File, Format Version 12.00
# Visual Studio Version 17
VisualStudioVersion = 17.5.33516.290
MinimumVisualStudioVersion = 10.0.40219.1
Project("{FAE04EC0-301F-11D3-BF4B-00C04F79EFBC}") = "FizzBuzz.Game", "FizzBuzz.Game\FizzBuzz.Game.csproj", "{33B7B01D-52ED-4772-B918-2A29C44E30BF}"
EndProject
Project("{FAE04EC0-301F-11D3-BF4B-00C04F79EFBC}") = "FizzBuzz.Tests", "FizzBuzz.Tests\FizzBuzz.Tests.csproj", "{616A1AFE-9266-4AC0-95CE-EE2F66C23846}"
EndProject
Global
	GlobalSection(SolutionConfigurationPlatforms) = preSolution
		Debug|Any CPU = Debug|Any CPU
		Release|Any CPU = Release|Any CPU
	EndGlobalSection
	GlobalSection(ProjectConfigurationPlatforms) = postSolution
		{33B7B01D-52ED-4772-B918-2A29C44E30BF}.Debug|Any CPU.ActiveCfg = Debug|Any CPU
		{33B7B01D-52ED-4772-B918-2A29C44E30BF}.Debug|Any CPU.Build.0 = Debug|Any CPU
		{33B7B01D-52ED-4772-B918-2A29C44E30BF}.Release|Any CPU.ActiveCfg = Release|Any CPU
		{33B7B01D-52ED-4772-B918-2A29C44E30BF}.Release|Any CPU.Build.0 = Release|Any CPU
		{616A1AFE-9266-4AC0-95CE-EE2F66C23846}.Debug|Any CPU.ActiveCfg = Debug|Any CPU
		{616A1AFE-9266-4AC0-95CE-EE2F66C23846}.Debug|Any CPU.Build.0 = Debug|Any CPU
		{616A1AFE-9266-4AC0-95CE-EE2F66C23846}.Release|Any CPU.ActiveCfg = Release|Any CPU
		{616A1AFE-9266-4AC0-95CE-EE2F66C23846}.Release|Any CPU.Build.0 = Release|Any CPU
	EndGlobalSection
	GlobalSection(SolutionProperties) = preSolution
		HideSolutionNode = FALSE
	EndGlobalSection
	GlobalSection(ExtensibilityGlobals) = postSolution
		SolutionGuid = {155C5334-8BEB-4690-A1F3-8B8ECEA33BB4}
	EndGlobalSection
EndGlobal
